{
  "name": "carevoyage",
  "version": "1.0.0",
  "lockfileVersion": 3,
  "requires": true,
  "packages": {
    "": {
      "name": "carevoyage",
      "version": "1.0.0",
      "dependencies": {
        "@prisma/client": "^5.22.0",
        "@stripe/react-stripe-js": "^2.4.0",
        "@stripe/stripe-js": "^2.4.0",
        "bcryptjs": "^3.0.3",
        "clsx": "^2.1.0",
        "framer-motion": "^12.35.1",
        "jsonwebtoken": "^9.0.3",
        "lucide-react": "^0.312.0",
        "next": "14.1.0",
        "next-intl": "^3.5.0",
        "prisma": "^5.10.0",
        "react": "^18.2.0",
        "react-dom": "^18.2.0",
        "stripe": "^14.0.0",
        "tailwind-merge": "^2.2.0"
      },
      "devDependencies": {
        "@types/bcryptjs": "^2.4.6",
        "@types/jsonwebtoken": "^9.0.10",
        "@types/node": "^20.10.0",
        "@types/react": "^18.2.0",
        "@types/react-dom": "^18.2.0",
        "autoprefixer": "^10.4.17",
        "eslint": "^8.56.0",
        "eslint-config-next": "14.1.0",
        "postcss": "^8.4.33",
        "tailwindcss": "^3.4.1",
        "typescript": "^5.3.0"
      }
    },
    "../../node_modules/.pnpm/@stripe+react-stripe-js@2.9.0_@stripe+stripe-js@2.4.0_react-dom@18.3.1_react@18.3.1__react@18.3.1/node_modules/@stripe/react-stripe-js": {
      "version": "2.9.0",
      "license": "MIT",
      "dependencies": {
        "prop-types": "^15.7.2"
      },
      "devDependencies": {
        "@arethetypeswrong/cli": "^0.15.3",
        "@babel/cli": "^7.7.0",
        "@babel/core": "^7.7.2",
        "@babel/preset-env": "^7.7.1",
        "@babel/preset-react": "^7.7.0",
        "@rollup/plugin-babel": "^6.0.4",
        "@rollup/plugin-commonjs": "^25.0.7",
        "@rollup/plugin-node-resolve": "^15.2.3",
        "@rollup/plugin-replace": "^5.0.5",
        "@rollup/plugin-terser": "^0.4.4",
        "@storybook/react": "^6.5.0-beta.8",
        "@stripe/stripe-js": "^4.9.0",
        "@testing-library/jest-dom": "^5.16.4",
        "@testing-library/react": "^13.1.1",
        "@testing-library/react-hooks": "^8.0.0",
        "@types/jest": "^25.1.1",
        "@types/react": "^18.0.0",
        "@types/react-dom": "^18.0.0",
        "@typescript-eslint/eslint-plugin": "^2.18.0",
        "@typescript-eslint/parser": "^2.18.0",
        "babel-eslint": "^10.0.3",
        "babel-jest": "^24.9.0",
        "babel-loader": "^8.0.6",
        "eslint": "6.6.0",
        "eslint-config-airbnb": "18.0.1",
        "eslint-config-prettier": "^6.10.0",
        "eslint-plugin-import": "^2.18.2",
        "eslint-plugin-jest": "^22.6.3",
        "eslint-plugin-jsx-a11y": "^6.2.3",
        "eslint-plugin-prettier": "^3.1.2",
        "eslint-plugin-react": "^7.14.3",
        "eslint-plugin-react-hooks": "^1.7.0",
        "fork-ts-checker-webpack-plugin": "^4.0.3",
        "jest": "^25.1.0",
        "prettier": "^1.19.1",
        "react": "18.1.0",
        "react-docgen-typescript-loader": "^3.6.0",
        "react-dom": "18.1.0",
        "react-test-renderer": "^18.0.0",
        "rimraf": "^2.6.2",
        "rollup": "^4.12.0",
        "rollup-plugin-ts": "^3.4.5",
        "ts-jest": "^25.1.0",
        "ts-loader": "^6.2.1",
        "typescript": "^4.1.2"
      },
      "peerDependencies": {
        "@stripe/stripe-js": "^1.44.1 || ^2.0.0 || ^3.0.0 || ^4.0.0",
        "react": "^16.8.0 || ^17.0.0 || ^18.0.0",
        "react-dom": "^16.8.0 || ^17.0.0 || ^18.0.0"
      }
    },
    "../../node_modules/.pnpm/@stripe+stripe-js@2.4.0/node_modules/@stripe/stripe-js": {
      "version": "2.4.0",
      "license": "MIT",
      "devDependencies": {
        "@babel/core": "^7.7.2",
        "@babel/preset-env": "^7.7.1",
        "@rollup/plugin-replace": "^2.3.1",
        "@types/jest": "^24.0.25",
        "@typescript-eslint/eslint-plugin": "^4.15.2",
        "@typescript-eslint/parser": "^4.15.2",
        "babel-eslint": "^10.0.3",
        "babel-jest": "^24.9.0",
        "conditional-type-checks": "^1.0.5",
        "eslint": "^6.8.0",
        "eslint-config-prettier": "^6.8.0",
        "eslint-plugin-import": "^2.18.2",
        "eslint-plugin-jest": "^22.6.3",
        "eslint-plugin-prettier": "^3.1.1",
        "jest": "^24.9.0",
        "prettier": "^1.19.1",
        "rimraf": "^2.6.2",
        "rollup": "^1.29.0",
        "rollup-plugin-babel": "^4.3.3",
        "rollup-plugin-typescript2": "^0.25.3",
        "ts-jest": "^24.3.0",
        "typescript": "^4.1.2",
        "zx": "^4.2.0"
      }
    },
    "../../node_modules/.pnpm/@types+node@20.19.37/node_modules/@types/node": {
      "version": "20.19.37",
      "dev": true,
      "license": "MIT",
      "dependencies": {
        "undici-types": "~6.21.0"
      }
    },
    "../../node_modules/.pnpm/@types+react-dom@18.3.7_@types+react@18.3.28/node_modules/@types/react-dom": {
      "version": "18.3.7",
      "dev": true,
      "license": "MIT",
      "peerDependencies": {
        "@types/react": "^18.0.0"
      }
    },
    "../../node_modules/.pnpm/@types+react@18.3.28/node_modules/@types/react": {
      "version": "18.3.28",
      "dev": true,
      "license": "MIT",
      "dependencies": {
        "@types/prop-types": "*",
        "csstype": "^3.2.2"
      }
    },
    "../../node_modules/.pnpm/autoprefixer@10.4.27_postcss@8.5.8/node_modules/autoprefixer": {
      "version": "10.4.27",
      "dev": true,
      "funding": [
        {
          "type": "opencollective",
          "url": "https://opencollective.com/postcss/"
        },
        {
          "type": "tidelift",
          "url": "https://tidelift.com/funding/github/npm/autoprefixer"
        },
        {
          "type": "github",
          "url": "https://github.com/sponsors/ai"
        }
      ],
      "license": "MIT",
      "dependencies": {
        "browserslist": "^4.28.1",
        "caniuse-lite": "^1.0.30001774",
        "fraction.js": "^5.3.4",
        "picocolors": "^1.1.1",
        "postcss-value-parser": "^4.2.0"
      },
      "bin": {
        "autoprefixer": "bin/autoprefixer"
      },
      "engines": {
        "node": "^10 || ^12 || >=14"
      },
      "peerDependencies": {
        "postcss": "^8.1.0"
      }
    },
    "../../node_modules/.pnpm/clsx@2.1.1/node_modules/clsx": {
      "version": "2.1.1",
      "license": "MIT",
      "devDependencies": {
        "esm": "3.2.25",
        "terser": "4.8.0",
        "uvu": "0.5.4"
      },
      "engines": {
        "node": ">=6"
      }
    },
    "../../node_modules/.pnpm/eslint-config-next@14.1.0_eslint@8.57.1_typescript@5.9.3/node_modules/eslint-config-next": {
      "version": "14.1.0",
      "dev": true,
      "license": "MIT",
      "dependencies": {
        "@next/eslint-plugin-next": "14.1.0",
        "@rushstack/eslint-patch": "^1.3.3",
        "@typescript-eslint/parser": "^5.4.2 || ^6.0.0",
        "eslint-import-resolver-node": "^0.3.6",
        "eslint-import-resolver-typescript": "^3.5.2",
        "eslint-plugin-import": "^2.28.1",
        "eslint-plugin-jsx-a11y": "^6.7.1",
        "eslint-plugin-react": "^7.33.2",
        "eslint-plugin-react-hooks": "^4.5.0 || 5.0.0-canary-7118f5dd7-20230705"
      },
      "peerDependencies": {
        "eslint": "^7.23.0 || ^8.0.0",
        "typescript": ">=3.3.1"
      },
      "peerDependenciesMeta": {
        "typescript": {
          "optional": true
        }
      }
    },
    "../../node_modules/.pnpm/eslint@8.57.1/node_modules/eslint": {
      "version": "8.57.1",
      "dev": true,
      "license": "MIT",
      "dependencies": {
        "@eslint-community/eslint-utils": "^4.2.0",
        "@eslint-community/regexpp": "^4.6.1",
        "@eslint/eslintrc": "^2.1.4",
        "@eslint/js": "8.57.1",
        "@humanwhocodes/config-array": "^0.13.0",
        "@humanwhocodes/module-importer": "^1.0.1",
        "@nodelib/fs.walk": "^1.2.8",
        "@ungap/structured-clone": "^1.2.0",
        "ajv": "^6.12.4",
        "chalk": "^4.0.0",
        "cross-spawn": "^7.0.2",
        "debug": "^4.3.2",
        "doctrine": "^3.0.0",
        "escape-string-regexp": "^4.0.0",
        "eslint-scope": "^7.2.2",
        "eslint-visitor-keys": "^3.4.3",
        "espree": "^9.6.1",
        "esquery": "^1.4.2",
        "esutils": "^2.0.2",
        "fast-deep-equal": "^3.1.3",
        "file-entry-cache": "^6.0.1",
        "find-up": "^5.0.0",
        "glob-parent": "^6.0.2",
        "globals": "^13.19.0",
        "graphemer": "^1.4.0",
        "ignore": "^5.2.0",
        "imurmurhash": "^0.1.4",
        "is-glob": "^4.0.0",
        "is-path-inside": "^3.0.3",
        "js-yaml": "^4.1.0",
        "json-stable-stringify-without-jsonify": "^1.0.1",
        "levn": "^0.4.1",
        "lodash.merge": "^4.6.2",
        "minimatch": "^3.1.2",
        "natural-compare": "^1.4.0",
        "optionator": "^0.9.3",
        "strip-ansi": "^6.0.1",
        "text-table": "^0.2.0"
      },
      "bin": {
        "eslint": "bin/eslint.js"
      },
      "devDependencies": {
        "@babel/core": "^7.4.3",
        "@babel/preset-env": "^7.4.3",
        "@sinonjs/fake-timers": "11.2.2",
        "@wdio/browser-runner": "^8.14.6",
        "@wdio/cli": "^8.14.6",
        "@wdio/concise-reporter": "^8.14.0",
        "@wdio/globals": "^8.14.6",
        "@wdio/mocha-framework": "^8.14.0",
        "babel-loader": "^8.0.5",
        "c8": "^7.12.0",
        "chai": "^4.0.1",
        "cheerio": "^0.22.0",
        "common-tags": "^1.8.0",
        "core-js": "^3.1.3",
        "ejs": "^3.0.2",
        "eslint": "file:.",
        "eslint-config-eslint": "file:packages/eslint-config-eslint",
        "eslint-plugin-eslint-comments": "^3.2.0",
        "eslint-plugin-eslint-plugin": "^5.2.1",
        "eslint-plugin-internal-rules": "file:tools/internal-rules",
        "eslint-plugin-jsdoc": "^46.2.5",
        "eslint-plugin-n": "^16.6.0",
        "eslint-plugin-unicorn": "^49.0.0",
        "eslint-release": "^3.3.0",
        "eslump": "^3.0.0",
        "esprima": "^4.0.1",
        "fast-glob": "^3.2.11",
        "fs-teardown": "^0.1.3",
        "glob": "^7.1.6",
        "got": "^11.8.3",
        "gray-matter": "^4.0.3",
        "lint-staged": "^11.0.0",
        "load-perf": "^0.2.0",
        "markdown-it": "^12.2.0",
        "markdown-it-container": "^3.0.0",
        "markdownlint": "^0.32.0",
        "markdownlint-cli": "^0.37.0",
        "marked": "^4.0.8",
        "memfs": "^3.0.1",
        "metascraper": "^5.25.7",
        "metascraper-description": "^5.25.7",
        "metascraper-image": "^5.29.3",
        "metascraper-logo": "^5.25.7",
        "metascraper-logo-favicon": "^5.25.7",
        "metascraper-title": "^5.25.7",
        "mocha": "^8.3.2",
        "mocha-junit-reporter": "^2.0.0",
        "node-polyfill-webpack-plugin": "^1.0.3",
        "npm-license": "^0.3.3",
        "pirates": "^4.0.5",
        "progress": "^2.0.3",
        "proxyquire": "^2.0.1",
        "recast": "^0.23.0",
        "regenerator-runtime": "^0.14.0",
        "rollup-plugin-node-polyfills": "^0.2.1",
        "semver": "^7.5.3",
        "shelljs": "^0.8.2",
        "sinon": "^11.0.0",
        "vite-plugin-commonjs": "0.10.1",
        "webdriverio": "^8.14.6",
        "webpack": "^5.23.0",
        "webpack-cli": "^4.5.0",
        "yorkie": "^2.0.0"
      },
      "engines": {
        "node": "^12.22.0 || ^14.17.0 || >=16.0.0"
      },
      "funding": {
        "url": "https://opencollective.com/eslint"
      }
    },
    "../../node_modules/.pnpm/framer-motion@12.35.1_react-dom@18.3.1_react@18.3.1__react@18.3.1/node_modules/framer-motion": {
      "version": "12.35.1",
      "license": "MIT",
      "dependencies": {
        "motion-dom": "^12.35.1",
        "motion-utils": "^12.29.2",
        "tslib": "^2.4.0"
      },
      "devDependencies": {
        "@radix-ui/react-dialog": "^1.1.15",
        "@thednp/dommatrix": "^2.0.11",
        "@types/three": "0.137.0",
        "three": "0.137.0"
      },
      "peerDependencies": {
        "@emotion/is-prop-valid": "*",
        "react": "^18.0.0 || ^19.0.0",
        "react-dom": "^18.0.0 || ^19.0.0"
      },
      "peerDependenciesMeta": {
        "@emotion/is-prop-valid": {
          "optional": true
        },
        "react": {
          "optional": true
        },
        "react-dom": {
          "optional": true
        }
      }
    },
    "../../node_modules/.pnpm/lucide-react@0.312.0_react@18.3.1/node_modules/lucide-react": {
      "version": "0.312.0",
      "license": "ISC",
      "devDependencies": {
        "@lucide/build-icons": "1.0.0",
        "@lucide/rollup-plugins": "1.0.0",
        "@testing-library/jest-dom": "^6.1.6",
        "@testing-library/react": "^14.1.2",
        "@types/react": "^18.2.37",
        "@vitejs/plugin-react": "^4.2.1",
        "jest-serializer-html": "^7.1.0",
        "react": "18.2.0",
        "react-dom": "18.2.0",
        "rollup": "^4.9.2",
        "rollup-plugin-dts": "^6.1.0",
        "typescript": "^4.9.5",
        "vite": "5.0.10",
        "vitest": "^1.1.1"
      },
      "peerDependencies": {
        "react": "^16.5.1 || ^17.0.0 || ^18.0.0"
      }
    },
    "../../node_modules/.pnpm/next-intl@3.26.5_next@14.1.0_react-dom@18.3.1_react@18.3.1__react@18.3.1__react@18.3.1/node_modules/next-intl": {
      "version": "3.26.5",
      "funding": [
        {
          "type": "individual",
          "url": "https://github.com/sponsors/amannn"
        }
      ],
      "license": "MIT",
      "dependencies": {
        "@formatjs/intl-localematcher": "^0.5.4",
        "negotiator": "^1.0.0",
        "use-intl": "^3.26.5"
      },
      "peerDependencies": {
        "next": "^10.0.0 || ^11.0.0 || ^12.0.0 || ^13.0.0 || ^14.0.0 || ^15.0.0",
        "react": "^16.8.0 || ^17.0.0 || ^18.0.0 || >=19.0.0-rc <19.0.0 || ^19.0.0"
      }
    },
    "../../node_modules/.pnpm/next@14.1.0_react-dom@18.3.1_react@18.3.1__react@18.3.1/node_modules/next": {
      "version": "14.1.0",
      "license": "MIT",
      "dependencies": {
        "@next/env": "14.1.0",
        "@swc/helpers": "0.5.2",
        "busboy": "1.6.0",
        "caniuse-lite": "^1.0.30001579",
        "graceful-fs": "^4.2.11",
        "postcss": "8.4.31",
        "styled-jsx": "5.1.1"
      },
      "bin": {
        "next": "dist/bin/next"
      },
      "devDependencies": {
        "@ampproject/toolbox-optimizer": "2.8.3",
        "@babel/code-frame": "7.22.5",
        "@babel/core": "7.22.5",
        "@babel/eslint-parser": "7.22.5",
        "@babel/generator": "7.22.5",
        "@babel/plugin-proposal-class-properties": "7.18.6",
        "@babel/plugin-proposal-export-namespace-from": "7.18.9",
        "@babel/plugin-proposal-numeric-separator": "7.18.6",
        "@babel/plugin-proposal-object-rest-spread": "7.20.7",
        "@babel/plugin-syntax-bigint": "7.8.3",
        "@babel/plugin-syntax-dynamic-import": "7.8.3",
        "@babel/plugin-syntax-import-assertions": "7.22.5",
        "@babel/plugin-syntax-jsx": "7.22.5",
        "@babel/plugin-transform-modules-commonjs": "7.22.5",
        "@babel/plugin-transform-runtime": "7.22.5",
        "@babel/preset-env": "7.22.5",
        "@babel/preset-react": "7.22.5",
        "@babel/preset-typescript": "7.22.5",
        "@babel/runtime": "7.22.5",
        "@babel/traverse": "7.22.5",
        "@babel/types": "7.22.5",
        "@capsizecss/metrics": "1.1.0",
        "@edge-runtime/cookies": "4.0.2",
        "@edge-runtime/ponyfill": "2.4.1",
        "@edge-runtime/primitives": "4.0.2",
        "@hapi/accept": "5.0.2",
        "@jest/transform": "29.5.0",
        "@jest/types": "29.5.0",
        "@mswjs/interceptors": "0.23.0",
        "@napi-rs/cli": "2.16.2",
        "@napi-rs/triples": "1.1.0",
        "@next/polyfill-module": "14.1.0",
        "@next/polyfill-nomodule": "14.1.0",
        "@next/react-dev-overlay": "14.1.0",
        "@next/react-refresh-utils": "14.1.0",
        "@next/swc": "14.1.0",
        "@opentelemetry/api": "1.6.0",
        "@playwright/test": "^1.35.1",
        "@taskr/clear": "1.1.0",
        "@taskr/esnext": "1.1.0",
        "@types/amphtml-validator": "1.0.0",
        "@types/babel__code-frame": "7.0.2",
        "@types/babel__core": "7.1.12",
        "@types/babel__generator": "7.6.2",
        "@types/babel__template": "7.4.0",
        "@types/babel__traverse": "7.11.0",
        "@types/bytes": "3.1.1",
        "@types/ci-info": "2.0.0",
        "@types/compression": "0.0.36",
        "@types/content-disposition": "0.5.4",
        "@types/content-type": "1.1.3",
        "@types/cookie": "0.3.3",
        "@types/cross-spawn": "6.0.0",
        "@types/debug": "4.1.5",
        "@types/express-serve-static-core": "4.17.33",
        "@types/fresh": "0.5.0",
        "@types/glob": "7.1.1",
        "@types/graceful-fs": "4.1.9",
        "@types/jsonwebtoken": "9.0.0",
        "@types/lodash": "4.14.198",
        "@types/lodash.curry": "4.1.6",
        "@types/lru-cache": "5.1.0",
        "@types/micromatch": "4.0.2",
        "@types/path-to-regexp": "1.7.0",
        "@types/platform": "1.3.4",
        "@types/react": "18.2.37",
        "@types/react-dom": "18.2.15",
        "@types/react-is": "17.0.3",
        "@types/semver": "7.3.1",
        "@types/send": "0.14.4",
        "@types/shell-quote": "1.7.1",
        "@types/tar": "6.1.5",
        "@types/text-table": "0.2.1",
        "@types/ua-parser-js": "0.7.36",
        "@types/uuid": "8.3.1",
        "@types/webpack-sources1": "npm:@types/webpack-sources@0.1.5",
        "@types/ws": "8.2.0",
        "@vercel/ncc": "0.34.0",
        "@vercel/nft": "0.26.2",
        "@vercel/turbopack-ecmascript-runtime": "https://gitpkg-fork.vercel.sh/vercel/turbo/crates/turbopack-ecmascript-runtime/js?turbopack-240117.3",
        "acorn": "8.5.0",
        "amphtml-validator": "1.0.35",
        "anser": "1.4.9",
        "arg": "4.1.0",
        "assert": "2.0.0",
        "async-retry": "1.2.3",
        "async-sema": "3.0.0",
        "babel-plugin-transform-define": "2.0.0",
        "babel-plugin-transform-react-remove-prop-types": "0.4.24",
        "browserify-zlib": "0.2.0",
        "browserslist": "4.22.2",
        "buffer": "5.6.0",
        "bytes": "3.1.1",
        "ci-info": "watson/ci-info#f43f6a1cefff47fb361c88cf4b943fdbcaafe540",
        "cli-select": "1.1.2",
        "client-only": "0.0.1",
        "comment-json": "3.0.3",
        "compression": "1.7.4",
        "conf": "5.0.0",
        "constants-browserify": "1.0.0",
        "content-disposition": "0.5.3",
        "content-type": "1.0.4",
        "cookie": "0.4.1",
        "cross-spawn": "7.0.3",
        "crypto-browserify": "3.12.0",
        "css.escape": "1.5.1",
        "cssnano-preset-default": "5.2.14",
        "data-uri-to-buffer": "3.0.1",
        "debug": "4.1.1",
        "devalue": "2.0.1",
        "domain-browser": "4.19.0",
        "edge-runtime": "2.5.4",
        "events": "3.3.0",
        "find-up": "4.1.0",
        "fresh": "0.5.2",
        "get-orientation": "1.1.2",
        "glob": "7.1.7",
        "gzip-size": "5.1.1",
        "http-proxy": "1.18.1",
        "http-proxy-agent": "5.0.0",
        "https-browserify": "1.0.0",
        "https-proxy-agent": "5.0.1",
        "icss-utils": "5.1.0",
        "ignore-loader": "0.1.2",
        "image-size": "1.0.0",
        "is-docker": "2.0.0",
        "is-wsl": "2.2.0",
        "jest-worker": "27.5.1",
        "json5": "2.2.3",
        "jsonwebtoken": "9.0.0",
        "loader-runner": "4.3.0",
        "loader-utils2": "npm:loader-utils@2.0.0",
        "loader-utils3": "npm:loader-utils@3.1.3",
        "lodash.curry": "4.1.1",
        "lru-cache": "5.1.1",
        "micromatch": "4.0.4",
        "mini-css-extract-plugin": "2.4.3",
        "msw": "1.3.0",
        "nanoid": "3.1.32",
        "native-url": "0.3.4",
        "neo-async": "2.6.1",
        "node-html-parser": "5.3.3",
        "ora": "4.0.4",
        "os-browserify": "0.3.0",
        "p-limit": "3.1.0",
        "path-browserify": "1.0.1",
        "path-to-regexp": "6.1.0",
        "platform": "1.3.6",
        "postcss-flexbugs-fixes": "5.0.2",
        "postcss-modules-extract-imports": "3.0.0",
        "postcss-modules-local-by-default": "4.0.0",
        "postcss-modules-scope": "3.0.0",
        "postcss-modules-values": "4.0.0",
        "postcss-preset-env": "7.4.3",
        "postcss-safe-parser": "6.0.0",
        "postcss-scss": "4.0.3",
        "postcss-value-parser": "4.2.0",
        "process": "0.11.10",
        "punycode": "2.1.1",
        "querystring-es3": "0.2.1",
        "raw-body": "2.4.1",
        "react-is": "18.2.0",
        "react-refresh": "0.12.0",
        "regenerator-runtime": "0.13.4",
        "sass-loader": "12.4.0",
        "schema-utils2": "npm:schema-utils@2.7.1",
        "schema-utils3": "npm:schema-utils@3.0.0",
        "semver": "7.3.2",
        "send": "0.17.1",
        "server-only": "0.0.1",
        "setimmediate": "1.0.5",
        "shell-quote": "1.7.3",
        "source-map": "0.6.1",
        "stacktrace-parser": "0.1.10",
        "stream-browserify": "3.0.0",
        "stream-http": "3.1.1",
        "strict-event-emitter": "0.5.0",
        "string_decoder": "1.3.0",
        "string-hash": "1.1.3",
        "strip-ansi": "6.0.0",
        "superstruct": "1.0.3",
        "tar": "6.1.15",
        "taskr": "1.1.0",
        "terser": "5.14.1",
        "terser-webpack-plugin": "5.3.9",
        "text-table": "0.2.0",
        "timers-browserify": "2.0.12",
        "tty-browserify": "0.0.1",
        "ua-parser-js": "1.0.35",
        "unistore": "3.4.1",
        "util": "0.12.4",
        "uuid": "8.3.2",
        "vm-browserify": "1.1.2",
        "watchpack": "2.4.0",
        "web-vitals": "3.0.0",
        "webpack": "5.86.0",
        "webpack-sources1": "npm:webpack-sources@1.4.3",
        "webpack-sources3": "npm:webpack-sources@3.2.3",
        "ws": "8.2.3",
        "zod": "3.22.3"
      },
      "engines": {
        "node": ">=18.17.0"
      },
      "optionalDependencies": {
        "@next/swc-darwin-arm64": "14.1.0",
        "@next/swc-darwin-x64": "14.1.0",
        "@next/swc-linux-arm64-gnu": "14.1.0",
        "@next/swc-linux-arm64-musl": "14.1.0",
        "@next/swc-linux-x64-gnu": "14.1.0",
        "@next/swc-linux-x64-musl": "14.1.0",
        "@next/swc-win32-arm64-msvc": "14.1.0",
        "@next/swc-win32-ia32-msvc": "14.1.0",
        "@next/swc-win32-x64-msvc": "14.1.0"
      },
      "peerDependencies": {
        "@opentelemetry/api": "^1.1.0",
        "react": "^18.2.0",
        "react-dom": "^18.2.0",
        "sass": "^1.3.0"
      },
      "peerDependenciesMeta": {
        "@opentelemetry/api": {
          "optional": true
        },
        "sass": {
          "optional": true
        }
      }
    },
    "../../node_modules/.pnpm/postcss@8.5.8/node_modules/postcss": {
      "version": "8.5.8",
      "dev": true,
      "funding": [
        {
          "type": "opencollective",
          "url": "https://opencollective.com/postcss/"
        },
        {
          "type": "tidelift",
          "url": "https://tidelift.com/funding/github/npm/postcss"
        },
        {
          "type": "github",
          "url": "https://github.com/sponsors/ai"
        }
      ],
      "license": "MIT",
      "dependencies": {
        "nanoid": "^3.3.11",
        "picocolors": "^1.1.1",
        "source-map-js": "^1.2.1"
      },
      "engines": {
        "node": "^10 || ^12 || >=14"
      }
    },
    "../../node_modules/.pnpm/react-dom@18.3.1_react@18.3.1/node_modules/react-dom": {
      "version": "18.3.1",
      "license": "MIT",
      "dependencies": {
        "loose-envify": "^1.1.0",
        "scheduler": "^0.23.2"
      },
      "peerDependencies": {
        "react": "^18.3.1"
      }
    },
    "../../node_modules/.pnpm/react@18.3.1/node_modules/react": {
      "version": "18.3.1",
      "license": "MIT",
      "dependencies": {
        "loose-envify": "^1.1.0"
      },
      "engines": {
        "node": ">=0.10.0"
      }
    },
    "../../node_modules/.pnpm/stripe@14.25.0/node_modules/stripe": {
      "version": "14.25.0",
      "license": "MIT",
      "dependencies": {
        "@types/node": ">=8.1.0",
        "qs": "^6.11.0"
      },
      "devDependencies": {
        "@types/chai": "^4.3.4",
        "@types/chai-as-promised": "^7.1.5",
        "@types/mocha": "^10.0.1",
        "@types/qs": "^6.9.7",
        "@typescript-eslint/eslint-plugin": "^4.33.0",
        "@typescript-eslint/parser": "^4.33.0",
        "chai": "^4.3.6",
        "chai-as-promised": "~7.1.1",
        "coveralls": "^3.1.1",
        "eslint": "^7.32.0",
        "eslint-config-prettier": "^8.5.0",
        "eslint-plugin-chai-friendly": "^0.7.2",
        "eslint-plugin-import": "^2.27.5",
        "eslint-plugin-prettier": "^3.4.1",
        "mocha": "^8.4.0",
        "mocha-junit-reporter": "^2.1.0",
        "nock": "^13.2.9",
        "node-fetch": "^2.6.7",
        "nyc": "^15.1.0",
        "prettier": "^1.16.4",
        "ts-node": "^10.9.1",
        "typescript": "^4.9.4"
      },
      "engines": {
        "node": ">=12.*"
      }
    },
    "../../node_modules/.pnpm/tailwind-merge@2.6.1/node_modules/tailwind-merge": {
      "version": "2.6.1",
      "license": "MIT",
      "devDependencies": {
        "@babel/core": "^7.26.0",
        "@babel/preset-env": "^7.26.0",
        "@codspeed/vitest-plugin": "^4.0.0",
        "@rollup/plugin-babel": "^6.0.4",
        "@rollup/plugin-node-resolve": "^16.0.0",
        "@rollup/plugin-typescript": "^12.1.2",
        "@vitest/coverage-v8": "^2.1.8",
        "@vitest/eslint-plugin": "^1.1.22",
        "babel-plugin-annotate-pure-calls": "^0.4.0",
        "babel-plugin-polyfill-regenerator": "^0.6.3",
        "eslint": "^9.17.0",
        "eslint-plugin-import": "^2.31.0",
        "globby": "^11.1.0",
        "prettier": "^3.4.2",
        "rollup": "^4.29.1",
        "rollup-plugin-delete": "^2.1.0",
        "rollup-plugin-dts": "^6.1.1",
        "tslib": "^2.8.1",
        "typescript": "^5.7.2",
        "typescript-eslint": "^8.19.0",
        "vitest": "^2.1.8",
        "zx": "^8.3.0"
      },
      "funding": {
        "type": "github",
        "url": "https://github.com/sponsors/dcastil"
      }
    },
    "../../node_modules/.pnpm/tailwindcss@3.4.19_yaml@2.8.2/node_modules/tailwindcss": {
      "version": "3.4.19",
      "dev": true,
      "license": "MIT",
      "dependencies": {
        "@alloc/quick-lru": "^5.2.0",
        "arg": "^5.0.2",
        "chokidar": "^3.6.0",
        "didyoumean": "^1.2.2",
        "dlv": "^1.1.3",
        "fast-glob": "^3.3.2",
        "glob-parent": "^6.0.2",
        "is-glob": "^4.0.3",
        "jiti": "^1.21.7",
        "lilconfig": "^3.1.3",
        "micromatch": "^4.0.8",
        "normalize-path": "^3.0.0",
        "object-hash": "^3.0.0",
        "picocolors": "^1.1.1",
        "postcss": "^8.4.47",
        "postcss-import": "^15.1.0",
        "postcss-js": "^4.0.1",
        "postcss-load-config": "^4.0.2 || ^5.0 || ^6.0",
        "postcss-nested": "^6.2.0",
        "postcss-selector-parser": "^6.1.2",
        "resolve": "^1.22.8",
        "sucrase": "^3.35.0"
      },
      "bin": {
        "tailwind": "lib/cli.js",
        "tailwindcss": "lib/cli.js"
      },
      "devDependencies": {
        "@swc/cli": "0.1.62",
        "@swc/core": "1.3.55",
        "@swc/jest": "0.2.26",
        "@swc/register": "0.1.10",
        "autoprefixer": "^10.4.20",
        "browserslist": "^4.24.0",
        "concurrently": "^8.2.2",
        "cssnano": "^6.1.2",
        "esbuild": "^0.24.0",
        "eslint": "^8.57.1",
        "eslint-config-prettier": "^8.10.0",
        "eslint-plugin-prettier": "^4.2.1",
        "jest": "^29.7.0",
        "jest-diff": "^29.7.0",
        "lightningcss": "1.27.0",
        "prettier": "^2.8.8",
        "rimraf": "^5.0.10",
        "source-map-js": "^1.2.1",
        "turbo": "^1.13.4"
      },
      "engines": {
        "node": ">=14.0.0"
      }
    },
    "../../node_modules/.pnpm/typescript@5.9.3/node_modules/typescript": {
      "version": "5.9.3",
      "dev": true,
      "license": "Apache-2.0",
      "bin": {
        "tsc": "bin/tsc",
        "tsserver": "bin/tsserver"
      },
      "devDependencies": {
        "@dprint/formatter": "^0.4.1",
        "@dprint/typescript": "0.93.4",
        "@esfx/canceltoken": "^1.0.0",
        "@eslint/js": "^9.20.0",
        "@octokit/rest": "^21.1.1",
        "@types/chai": "^4.3.20",
        "@types/diff": "^7.0.1",
        "@types/minimist": "^1.2.5",
        "@types/mocha": "^10.0.10",
        "@types/ms": "^0.7.34",
        "@types/node": "latest",
        "@types/source-map-support": "^0.5.10",
        "@types/which": "^3.0.4",
        "@typescript-eslint/rule-tester": "^8.24.1",
        "@typescript-eslint/type-utils": "^8.24.1",
        "@typescript-eslint/utils": "^8.24.1",
        "azure-devops-node-api": "^14.1.0",
        "c8": "^10.1.3",
        "chai": "^4.5.0",
        "chokidar": "^4.0.3",
        "diff": "^7.0.0",
        "dprint": "^0.49.0",
        "esbuild": "^0.25.0",
        "eslint": "^9.20.1",
        "eslint-formatter-autolinkable-stylish": "^1.4.0",
        "eslint-plugin-regexp": "^2.7.0",
        "fast-xml-parser": "^4.5.2",
        "glob": "^10.4.5",
        "globals": "^15.15.0",
        "hereby": "^1.10.0",
        "jsonc-parser": "^3.3.1",
        "knip": "^5.44.4",
        "minimist": "^1.2.8",
        "mocha": "^10.8.2",
        "mocha-fivemat-progress-reporter": "^0.1.0",
        "monocart-coverage-reports": "^2.12.1",
        "ms": "^2.1.3",
        "picocolors": "^1.1.1",
        "playwright": "^1.50.1",
        "source-map-support": "^0.5.21",
        "tslib": "^2.8.1",
        "typescript": "^5.7.3",
        "typescript-eslint": "^8.24.1",
        "which": "^3.0.1"
      },
      "engines": {
        "node": ">=14.17"
      }
    },
    "node_modules/@prisma/client": {
      "version": "5.22.0",
      "resolved": "https://registry.npmmirror.com/@prisma/client/-/client-5.22.0.tgz",
      "integrity": "sha512-M0SVXfyHnQREBKxCgyo7sffrKttwE6R8PMq330MIUF0pTwjUhLbW84pFDlf06B27XyCR++VtjugEnIHdr07SVA==",
      "hasInstallScript": true,
      "license": "Apache-2.0",
      "engines": {
        "node": ">=16.13"
      },
      "peerDependencies": {
        "prisma": "*"
      },
      "peerDependenciesMeta": {
        "prisma": {
          "optional": true
        }
      }
    },
    "node_modules/@prisma/debug": {
      "version": "5.10.0",
      "resolved": "https://registry.npmmirror.com/@prisma/debug/-/debug-5.10.0.tgz",
      "integrity": "sha512-xBs8M4bGIBUqJ/9lZM+joEJkrNaGPKMUcK3a5JqUDQtwPDaWDTq24wOpkHfoJtvNbmGtlDl9Ky5HAbctN5+x7g==",
      "license": "Apache-2.0"
    },
    "node_modules/@prisma/engines": {
      "version": "5.10.0",
      "resolved": "https://registry.npmmirror.com/@prisma/engines/-/engines-5.10.0.tgz",
      "integrity": "sha512-9NVgMD3bjB5fsxVnrqbasZG3PwurfI2/XKhFfKuZulVRldm5Nz/SJ38t+o0DcOoOmuYMrY4R+UFO57QAB6hCeA==",
      "hasInstallScript": true,
      "license": "Apache-2.0",
      "dependencies": {
        "@prisma/debug": "5.10.0",
        "@prisma/engines-version": "5.10.0-34.5a9203d0590c951969e85a7d07215503f4672eb9",
        "@prisma/fetch-engine": "5.10.0",
        "@prisma/get-platform": "5.10.0"
      }
    },
    "node_modules/@prisma/engines-version": {
      "version": "5.10.0-34.5a9203d0590c951969e85a7d07215503f4672eb9",
      "resolved": "https://registry.npmmirror.com/@prisma/engines-version/-/engines-version-5.10.0-34.5a9203d0590c951969e85a7d07215503f4672eb9.tgz",
      "integrity": "sha512-uCy/++3Jx/O3ufM+qv2H1L4tOemTNqcP/gyEVOlZqTpBvYJUe0tWtW0y3o2Ueq04mll4aM5X3f6ugQftOSLdFQ==",
      "license": "Apache-2.0"
    },
    "node_modules/@prisma/fetch-engine": {
      "version": "5.10.0",
      "resolved": "https://registry.npmmirror.com/@prisma/fetch-engine/-/fetch-engine-5.10.0.tgz",
      "integrity": "sha512-6A7Rh7ItuenDo0itgJ8V90cTeLejN1+vUjUzgdonhcNN+7UhZczZfEGe16nI+steW6+ScB5O8+LZybRLNBb0HA==",
      "license": "Apache-2.0",
      "dependencies": {
        "@prisma/debug": "5.10.0",
        "@prisma/engines-version": "5.10.0-34.5a9203d0590c951969e85a7d07215503f4672eb9",
        "@prisma/get-platform": "5.10.0"
      }
    },
    "node_modules/@prisma/get-platform": {
      "version": "5.10.0",
      "resolved": "https://registry.npmmirror.com/@prisma/get-platform/-/get-platform-5.10.0.tgz",
      "integrity": "sha512-pSxK2RTVhnG6FVkTlSBdBPuvf8087VliR1MMF5ca8/loyY07FtvYF02SP9ZQZITvbZ+6XX1LTwo8WjIp/EHgIQ==",
      "license": "Apache-2.0",
      "dependencies": {
        "@prisma/debug": "5.10.0"
      }
    },
    "node_modules/@stripe/react-stripe-js": {
      "resolved": "../../node_modules/.pnpm/@stripe+react-stripe-js@2.9.0_@stripe+stripe-js@2.4.0_react-dom@18.3.1_react@18.3.1__react@18.3.1/node_modules/@stripe/react-stripe-js",
      "link": true
    },
    "node_modules/@stripe/stripe-js": {
      "resolved": "../../node_modules/.pnpm/@stripe+stripe-js@2.4.0/node_modules/@stripe/stripe-js",
      "link": true
    },
    "node_modules/@types/bcryptjs": {
      "version": "2.4.6",
      "resolved": "https://registry.npmmirror.com/@types/bcryptjs/-/bcryptjs-2.4.6.tgz",
      "integrity": "sha512-9xlo6R2qDs5uixm0bcIqCeMCE6HiQsIyel9KQySStiyqNl2tnj2mP3DX1Nf56MD6KMenNNlBBsy3LJ7gUEQPXQ==",
      "dev": true,
      "license": "MIT"
    },
    "node_modules/@types/jsonwebtoken": {
      "version": "9.0.10",
      "resolved": "https://registry.npmmirror.com/@types/jsonwebtoken/-/jsonwebtoken-9.0.10.tgz",
      "integrity": "sha512-asx5hIG9Qmf/1oStypjanR7iKTv0gXQ1Ov/jfrX6kS/EO0OFni8orbmGCn0672NHR3kXHwpAwR+B368ZGN/2rA==",
      "dev": true,
      "license": "MIT",
      "dependencies": {
        "@types/ms": "*",
        "@types/node": "*"
      }
    },
    "node_modules/@types/ms": {
      "version": "2.1.0",
      "resolved": "https://registry.npmmirror.com/@types/ms/-/ms-2.1.0.tgz",
      "integrity": "sha512-GsCCIZDE/p3i96vtEqx+7dBUGXrc7zeSK3wwPHIaRThS+9OhWIXRqzs4d6k1SVU8g91DrNRWxWUGhp5KXQb2VA==",
      "dev": true,
      "license": "MIT"
    },
    "node_modules/@types/node": {
      "resolved": "../../node_modules/.pnpm/@types+node@20.19.37/node_modules/@types/node",
      "link": true
    },
    "node_modules/@types/react": {
      "resolved": "../../node_modules/.pnpm/@types+react@18.3.28/node_modules/@types/react",
      "link": true
    },
    "node_modules/@types/react-dom": {
      "resolved": "../../node_modules/.pnpm/@types+react-dom@18.3.7_@types+react@18.3.28/node_modules/@types/react-dom",
      "link": true
    },
    "node_modules/autoprefixer": {
      "resolved": "../../node_modules/.pnpm/autoprefixer@10.4.27_postcss@8.5.8/node_modules/autoprefixer",
      "link": true
    },
    "node_modules/bcryptjs": {
      "version": "3.0.3",
      "resolved": "https://registry.npmmirror.com/bcryptjs/-/bcryptjs-3.0.3.tgz",
      "integrity": "sha512-GlF5wPWnSa/X5LKM1o0wz0suXIINz1iHRLvTS+sLyi7XPbe5ycmYI3DlZqVGZZtDgl4DmasFg7gOB3JYbphV5g==",
      "license": "BSD-3-Clause",
      "bin": {
        "bcrypt": "bin/bcrypt"
      }
    },
    "node_modules/buffer-equal-constant-time": {
      "version": "1.0.1",
      "resolved": "https://registry.npmmirror.com/buffer-equal-constant-time/-/buffer-equal-constant-time-1.0.1.tgz",
      "integrity": "sha512-zRpUiDwd/xk6ADqPMATG8vc9VPrkck7T07OIx0gnjmJAnHnTVXNQG3vfvWNuiZIkwu9KrKdA1iJKfsfTVxE6NA==",
      "license": "BSD-3-Clause"
    },
    "node_modules/clsx": {
      "resolved": "../../node_modules/.pnpm/clsx@2.1.1/node_modules/clsx",
      "link": true
    },
    "node_modules/ecdsa-sig-formatter": {
      "version": "1.0.11",
      "resolved": "https://registry.npmmirror.com/ecdsa-sig-formatter/-/ecdsa-sig-formatter-1.0.11.tgz",
      "integrity": "sha512-nagl3RYrbNv6kQkeJIpt6NJZy8twLB/2vtz6yN9Z4vRKHN4/QZJIEbqohALSgwKdnksuY3k5Addp5lg8sVoVcQ==",
      "license": "Apache-2.0",
      "dependencies": {
        "safe-buffer": "^5.0.1"
      }
    },
    "node_modules/eslint": {
      "resolved": "../../node_modules/.pnpm/eslint@8.57.1/node_modules/eslint",
      "link": true
    },
    "node_modules/eslint-config-next": {
      "resolved": "../../node_modules/.pnpm/eslint-config-next@14.1.0_eslint@8.57.1_typescript@5.9.3/node_modules/eslint-config-next",
      "link": true
    },
    "node_modules/framer-motion": {
      "resolved": "../../node_modules/.pnpm/framer-motion@12.35.1_react-dom@18.3.1_react@18.3.1__react@18.3.1/node_modules/framer-motion",
      "link": true
    },
    "node_modules/jsonwebtoken": {
      "version": "9.0.3",
      "resolved": "https://registry.npmmirror.com/jsonwebtoken/-/jsonwebtoken-9.0.3.tgz",
      "integrity": "sha512-MT/xP0CrubFRNLNKvxJ2BYfy53Zkm++5bX9dtuPbqAeQpTVe0MQTFhao8+Cp//EmJp244xt6Drw/GVEGCUj40g==",
      "license": "MIT",
      "dependencies": {
        "jws": "^4.0.1",
        "lodash.includes": "^4.3.0",
        "lodash.isboolean": "^3.0.3",
        "lodash.isinteger": "^4.0.4",
        "lodash.isnumber": "^3.0.3",
        "lodash.isplainobject": "^4.0.6",
        "lodash.isstring": "^4.0.1",
        "lodash.once": "^4.0.0",
        "ms": "^2.1.1",
        "semver": "^7.5.4"
      },
      "engines": {
        "node": ">=12",
        "npm": ">=6"
      }
    },
    "node_modules/jwa": {
      "version": "2.0.1",
      "resolved": "https://registry.npmmirror.com/jwa/-/jwa-2.0.1.tgz",
      "integrity": "sha512-hRF04fqJIP8Abbkq5NKGN0Bbr3JxlQ+qhZufXVr0DvujKy93ZCbXZMHDL4EOtodSbCWxOqR8MS1tXA5hwqCXDg==",
      "license": "MIT",
      "dependencies": {
        "buffer-equal-constant-time": "^1.0.1",
        "ecdsa-sig-formatter": "1.0.11",
        "safe-buffer": "^5.0.1"
      }
    },
    "node_modules/jws": {
      "version": "4.0.1",
      "resolved": "https://registry.npmmirror.com/jws/-/jws-4.0.1.tgz",
      "integrity": "sha512-EKI/M/yqPncGUUh44xz0PxSidXFr/+r0pA70+gIYhjv+et7yxM+s29Y+VGDkovRofQem0fs7Uvf4+YmAdyRduA==",
      "license": "MIT",
      "dependencies": {
        "jwa": "^2.0.1",
        "safe-buffer": "^5.0.1"
      }
    },
    "node_modules/lodash.includes": {
      "version": "4.3.0",
      "resolved": "https://registry.npmmirror.com/lodash.includes/-/lodash.includes-4.3.0.tgz",
      "integrity": "sha512-W3Bx6mdkRTGtlJISOvVD/lbqjTlPPUDTMnlXZFnVwi9NKJ6tiAk6LVdlhZMm17VZisqhKcgzpO5Wz91PCt5b0w==",
      "license": "MIT"
    },
    "node_modules/lodash.isboolean": {
      "version": "3.0.3",
      "resolved": "https://registry.npmmirror.com/lodash.isboolean/-/lodash.isboolean-3.0.3.tgz",
      "integrity": "sha512-Bz5mupy2SVbPHURB98VAcw+aHh4vRV5IPNhILUCsOzRmsTmSQ17jIuqopAentWoehktxGd9e/hbIXq980/1QJg==",
      "license": "MIT"
    },
    "node_modules/lodash.isinteger": {
      "version": "4.0.4",
      "resolved": "https://registry.npmmirror.com/lodash.isinteger/-/lodash.isinteger-4.0.4.tgz",
      "integrity": "sha512-DBwtEWN2caHQ9/imiNeEA5ys1JoRtRfY3d7V9wkqtbycnAmTvRRmbHKDV4a0EYc678/dia0jrte4tjYwVBaZUA==",
      "license": "MIT"
    },
    "node_modules/lodash.isnumber": {
      "version": "3.0.3",
      "resolved": "https://registry.npmmirror.com/lodash.isnumber/-/lodash.isnumber-3.0.3.tgz",
      "integrity": "sha512-QYqzpfwO3/CWf3XP+Z+tkQsfaLL/EnUlXWVkIk5FUPc4sBdTehEqZONuyRt2P67PXAk+NXmTBcc97zw9t1FQrw==",
      "license": "MIT"
    },
    "node_modules/lodash.isplainobject": {
      "version": "4.0.6",
      "resolved": "https://registry.npmmirror.com/lodash.isplainobject/-/lodash.isplainobject-4.0.6.tgz",
      "integrity": "sha512-oSXzaWypCMHkPC3NvBEaPHf0KsA5mvPrOPgQWDsbg8n7orZ290M0BmC/jgRZ4vcJ6DTAhjrsSYgdsW/F+MFOBA==",
      "license": "MIT"
    },
    "node_modules/lodash.isstring": {
      "version": "4.0.1",
      "resolved": "https://registry.npmmirror.com/lodash.isstring/-/lodash.isstring-4.0.1.tgz",
      "integrity": "sha512-0wJxfxH1wgO3GrbuP+dTTk7op+6L41QCXbGINEmD+ny/G/eCqGzxyCsh7159S+mgDDcoarnBw6PC1PS5+wUGgw==",
      "license": "MIT"
    },
    "node_modules/lodash.once": {
      "version": "4.1.1",
      "resolved": "https://registry.npmmirror.com/lodash.once/-/lodash.once-4.1.1.tgz",
      "integrity": "sha512-Sb487aTOCr9drQVL8pIxOzVhafOjZN9UU54hiN8PU3uAiSV7lx1yYNpbNmex2PK6dSJoNTSJUUswT651yww3Mg==",
      "license": "MIT"
    },
    "node_modules/lucide-react": {
      "resolved": "../../node_modules/.pnpm/lucide-react@0.312.0_react@18.3.1/node_modules/lucide-react",
      "link": true
    },
    "node_modules/ms": {
      "version": "2.1.3",
      "resolved": "https://registry.npmmirror.com/ms/-/ms-2.1.3.tgz",
      "integrity": "sha512-6FlzubTLZG3J2a/NVCAleEhjzq5oxgHyaCU9yYXvcLsvoVaHJq/s5xXI6/XXP6tz7R9xAOtHnSO/tXtF3WRTlA==",
      "license": "MIT"
    },
    "node_modules/next": {
      "resolved": "../../node_modules/.pnpm/next@14.1.0_react-dom@18.3.1_react@18.3.1__react@18.3.1/node_modules/next",
      "link": true
    },
    "node_modules/next-intl": {
      "resolved": "../../node_modules/.pnpm/next-intl@3.26.5_next@14.1.0_react-dom@18.3.1_react@18.3.1__react@18.3.1__react@18.3.1/node_modules/next-intl",
      "link": true
    },
    "node_modules/postcss": {
      "resolved": "../../node_modules/.pnpm/postcss@8.5.8/node_modules/postcss",
      "link": true
    },
    "node_modules/prisma": {
      "version": "5.10.0",
      "resolved": "https://registry.npmmirror.com/prisma/-/prisma-5.10.0.tgz",
      "integrity": "sha512-uN3jT1v1XP12tvatsBsMUDC/aK+3kA2VUXznl3UutgK4XHdVjM3SBW8bFb/bT9dHU40apwsEazUK9M/vG13YmA==",
      "hasInstallScript": true,
      "license": "Apache-2.0",
      "dependencies": {
        "@prisma/engines": "5.10.0"
      },
      "bin": {
        "prisma": "build/index.js"
      },
      "engines": {
        "node": ">=16.13"
      }
    },
    "node_modules/react": {
      "resolved": "../../node_modules/.pnpm/react@18.3.1/node_modules/react",
      "link": true
    },
    "node_modules/react-dom": {
      "resolved": "../../node_modules/.pnpm/react-dom@18.3.1_react@18.3.1/node_modules/react-dom",
      "link": true
    },
    "node_modules/safe-buffer": {
      "version": "5.2.1",
      "resolved": "https://registry.npmmirror.com/safe-buffer/-/safe-buffer-5.2.1.tgz",
      "integrity": "sha512-rp3So07KcdmmKbGvgaNxQSJr7bGVSVk5S9Eq1F+ppbRo70+YeaDxkw5Dd8NPN+GD6bjnYm2VuPuCXmpuYvmCXQ==",
      "funding": [
        {
          "type": "github",
          "url": "https://github.com/sponsors/feross"
        },
        {
          "type": "patreon",
          "url": "https://www.patreon.com/feross"
        },
        {
          "type": "consulting",
          "url": "https://feross.org/support"
        }
      ],
      "license": "MIT"
    },
    "node_modules/semver": {
      "version": "7.7.4",
      "resolved": "https://registry.npmmirror.com/semver/-/semver-7.7.4.tgz",
      "integrity": "sha512-vFKC2IEtQnVhpT78h1Yp8wzwrf8CM+MzKMHGJZfBtzhZNycRFnXsHk6E5TxIkkMsgNS7mdX3AGB7x2QM2di4lA==",
      "license": "ISC",
      "bin": {
        "semver": "bin/semver.js"
      },
      "engines": {
        "node": ">=10"
      }
    },
    "node_modules/stripe": {
      "resolved": "../../node_modules/.pnpm/stripe@14.25.0/node_modules/stripe",
      "link": true
    },
    "node_modules/tailwind-merge": {
      "resolved": "../../node_modules/.pnpm/tailwind-merge@2.6.1/node_modules/tailwind-merge",
      "link": true
    },
    "node_modules/tailwindcss": {
      "resolved": "../../node_modules/.pnpm/tailwindcss@3.4.19_yaml@2.8.2/node_modules/tailwindcss",
      "link": true
    },
    "node_modules/typescript": {
      "resolved": "../../node_modules/.pnpm/typescript@5.9.3/node_modules/typescript",
      "link": true
    }
  }
}
